{
  "name": "Core-Portal",
  "lockfileVersion": 3,
  "requires": true,
  "packages": {
    "": {
      "dependencies": {
        "@niivue/niivue": "^0.32.0"
      }
    },
    "node_modules/@niivue/niivue": {
      "version": "0.32.0",
      "resolved": "https://registry.npmjs.org/@niivue/niivue/-/niivue-0.32.0.tgz",
      "integrity": "sha512-g5DA/fDCKngjK06JjYdyjixnidPg7AnGaEfFO4ag9gVyUZehdHczMJ5eHbzEA3m71d+CtNwhQY0hf1wR1+BSyA==",
      "dependencies": {
        "@ungap/structured-clone": "^1.0.1",
        "daikon": "^1.2.42",
        "fflate": "^0.7.3",
        "gl-matrix": "^3.4.3",
        "nifti-reader-js": "^0.5.4",
        "rxjs": "^7.4.0",
        "uuid": "^8.3.2"
      }
    },
    "node_modules/@ungap/structured-clone": {
      "version": "1.0.2",
      "resolved": "https://registry.npmjs.org/@ungap/structured-clone/-/structured-clone-1.0.2.tgz",
      "integrity": "sha512-06PHwE0K24Wi8FBmC8MuMi/+nQ3DTpcXYL3y/IaZz2ScY2GOJXOe8fyMykVXyLOKxpL2Y0frAnJZmm65OxzMLQ=="
    },
    "node_modules/daikon": {
      "version": "1.2.43",
      "resolved": "https://registry.npmjs.org/daikon/-/daikon-1.2.43.tgz",
      "integrity": "sha512-M3WBMADPPPFhWtH+GHXwQRw5qVg98z+NlOndc4IMp9Q1uLLdK9qRZ4PcIT9Y6QhD5qwtCFyxuun/ySw1EUVYcA==",
      "dependencies": {
        "jpeg-lossless-decoder-js": "git+https://github.com/rii-mango/JPEGLosslessDecoderJS.git",
        "pako": "^1.0.6"
      }
    },
    "node_modules/fflate": {
      "version": "0.7.4",
      "resolved": "https://registry.npmjs.org/fflate/-/fflate-0.7.4.tgz",
      "integrity": "sha512-5u2V/CDW15QM1XbbgS+0DfPxVB+jUKhWEKuuFuHncbk3tEEqzmoXL+2KyOFuKGqOnmdIy0/davWF1CkuwtibCw=="
    },
    "node_modules/gl-matrix": {
      "version": "3.4.3",
      "resolved": "https://registry.npmjs.org/gl-matrix/-/gl-matrix-3.4.3.tgz",
      "integrity": "sha512-wcCp8vu8FT22BnvKVPjXa/ICBWRq/zjFfdofZy1WSpQZpphblv12/bOQLBC1rMM7SGOFS9ltVmKOHil5+Ml7gA=="
    },
    "node_modules/jpeg-lossless-decoder-js": {
      "version": "2.0.4",
      "resolved": "git+ssh://git@github.com/rii-mango/JPEGLosslessDecoderJS.git#78fe90c7cae985b1a394a66f99c81633144bb867",
      "license": "MIT"
    },
    "node_modules/nifti-reader-js": {
      "version": "0.5.4",
      "resolved": "https://registry.npmjs.org/nifti-reader-js/-/nifti-reader-js-0.5.4.tgz",
      "integrity": "sha512-KnZMEw9Wd39x1eTTZQaF5Zjh7LbUeWcxfEj0v5VS/yTkV2y/YHrAnC6VJyf2FjrmsUOElDVjIoHGLMCkcnpiNg==",
      "dependencies": {
        "pako": "*"
      }
    },
    "node_modules/pako": {
      "version": "1.0.11",
      "resolved": "https://registry.npmjs.org/pako/-/pako-1.0.11.tgz",
      "integrity": "sha512-4hLB8Py4zZce5s4yd9XzopqwVv/yGNhV1Bl8NTmCq1763HeK2+EwVTv+leGeL13Dnh2wfbqowVPXCIO0z4taYw=="
    },
    "node_modules/rxjs": {
      "version": "7.8.0",
      "resolved": "https://registry.npmjs.org/rxjs/-/rxjs-7.8.0.tgz",
      "integrity": "sha512-F2+gxDshqmIub1KdvZkaEfGDwLNpPvk9Fs6LD/MyQxNgMds/WH9OdDDXOmxUZpME+iSK3rQCctkL0DYyytUqMg==",
      "dependencies": {
        "tslib": "^2.1.0"
      }
    },
    "node_modules/tslib": {
      "version": "2.5.0",
      "resolved": "https://registry.npmjs.org/tslib/-/tslib-2.5.0.tgz",
      "integrity": "sha512-336iVw3rtn2BUK7ORdIAHTyxHGRIHVReokCR3XjbckJMK7ms8FysBfhLR8IXnAgy7T0PTPNBWKiH514FOW/WSg=="
    },
    "node_modules/uuid": {
      "version": "8.3.2",
      "resolved": "https://registry.npmjs.org/uuid/-/uuid-8.3.2.tgz",
      "integrity": "sha512-+NYs2QeMWy+GWFOEm9xnn6HCDp0l7QBD7ml8zLUmJ+93Q5NF0NocErnwkTkXVFNiX3/fpC6afS8Dhb/gz7R7eg==",
      "bin": {
        "uuid": "dist/bin/uuid"
      }
    }
  }
}
